
Microsoft Visual Studio Solution File, Format Version 12.00
# Visual Studio Version 16
VisualStudioVersion = 16.0.29519.181
MinimumVisualStudioVersion = 10.0.40219.1
Project("{FAE04EC0-301F-11D3-BF4B-00C04F79EFBC}") = "CodeBlogFitness.BL", "CodeBlogFitness.BL\CodeBlogFitness.BL.csproj", "{4CC953A9-DF27-466A-9967-6F08100438A1}"
EndProject
Project("{FAE04EC0-301F-11D3-BF4B-00C04F79EFBC}") = "CodeBlogFitness.CMD", "CodeBlogFitness.CMD\CodeBlogFitness.CMD.csproj", "{68C5D00A-6138-457A-8134-C90DE481A787}"
EndProject
Global
	GlobalSection(SolutionConfigurationPlatforms) = preSolution
		Debug|Any CPU = Debug|Any CPU
		Release|Any CPU = Release|Any CPU
	EndGlobalSection
	GlobalSection(ProjectConfigurationPlatforms) = postSolution
		{4CC953A9-DF27-466A-9967-6F08100438A1}.Debug|Any CPU.ActiveCfg = Debug|Any CPU
		{4CC953A9-DF27-466A-9967-6F08100438A1}.Debug|Any CPU.Build.0 = Debug|Any CPU
		{4CC953A9-DF27-466A-9967-6F08100438A1}.Release|Any CPU.ActiveCfg = Release|Any CPU
		{4CC953A9-DF27-466A-9967-6F08100438A1}.Release|Any CPU.Build.0 = Release|Any CPU
		{68C5D00A-6138-457A-8134-C90DE481A787}.Debug|Any CPU.ActiveCfg = Debug|Any CPU
		{68C5D00A-6138-457A-8134-C90DE481A787}.Debug|Any CPU.Build.0 = Debug|Any CPU
		{68C5D00A-6138-457A-8134-C90DE481A787}.Release|Any CPU.ActiveCfg = Release|Any CPU
		{68C5D00A-6138-457A-8134-C90DE481A787}.Release|Any CPU.Build.0 = Release|Any CPU
	EndGlobalSection
	GlobalSection(SolutionProperties) = preSolution
		HideSolutionNode = FALSE
	EndGlobalSection
	GlobalSection(ExtensibilityGlobals) = postSolution
		SolutionGuid = {2C3ABADF-85B4-43ED-BF0E-C9EEECF14D12}
	EndGlobalSection
EndGlobal
